// !$*UTF8*$!
{
	archiveVersion = 1;
	classes = {
	};
	objectVersion = 46;
	objects = {

/* Begin PBXBuildFile section */
		OBJ_103 /* PDKBoard.m in Sources */ = {isa = PBXBuildFile; fileRef = OBJ_22 /* PDKBoard.m */; };
		OBJ_104 /* PDKCategories.m in Sources */ = {isa = PBXBuildFile; fileRef = OBJ_23 /* PDKCategories.m */; };
		OBJ_105 /* PDKClient.m in Sources */ = {isa = PBXBuildFile; fileRef = OBJ_24 /* PDKClient.m */; };
		OBJ_106 /* PDKImageInfo.m in Sources */ = {isa = PBXBuildFile; fileRef = OBJ_25 /* PDKImageInfo.m */; };
		OBJ_107 /* PDKInterest.m in Sources */ = {isa = PBXBuildFile; fileRef = OBJ_26 /* PDKInterest.m */; };
		OBJ_108 /* PDKModelObject.m in Sources */ = {isa = PBXBuildFile; fileRef = OBJ_27 /* PDKModelObject.m */; };
		OBJ_109 /* PDKPin.m in Sources */ = {isa = PBXBuildFile; fileRef = OBJ_28 /* PDKPin.m */; };
		OBJ_110 /* PDKResponseObject.m in Sources */ = {isa = PBXBuildFile; fileRef = OBJ_29 /* PDKResponseObject.m */; };
		OBJ_111 /* PDKUser.m in Sources */ = {isa = PBXBuildFile; fileRef = OBJ_30 /* PDKUser.m */; };
		OBJ_113 /* SAMKeychain.framework in Frameworks */ = {isa = PBXBuildFile; fileRef = "SAMKeychain::SAMKeychain::Product" /* SAMKeychain.framework */; };
		OBJ_114 /* AFNetworking.framework in Frameworks */ = {isa = PBXBuildFile; fileRef = "AFNetworking::AFNetworking::Product" /* AFNetworking.framework */; };
		OBJ_123 /* Package.swift in Sources */ = {isa = PBXBuildFile; fileRef = OBJ_6 /* Package.swift */; };
		OBJ_128 /* SAMKeychain.m in Sources */ = {isa = PBXBuildFile; fileRef = OBJ_35 /* SAMKeychain.m */; };
		OBJ_129 /* SAMKeychainQuery.m in Sources */ = {isa = PBXBuildFile; fileRef = OBJ_36 /* SAMKeychainQuery.m */; };
		OBJ_131 /* SAMKeychain.h in Headers */ = {isa = PBXBuildFile; fileRef = OBJ_38 /* SAMKeychain.h */; settings = {ATTRIBUTES = (Public, ); }; };
		OBJ_132 /* SAMKeychainQuery.h in Headers */ = {isa = PBXBuildFile; fileRef = OBJ_39 /* SAMKeychainQuery.h */; settings = {ATTRIBUTES = (Public, ); }; };
		OBJ_139 /* Package.swift in Sources */ = {isa = PBXBuildFile; fileRef = OBJ_34 /* Package.swift */; };
		OBJ_70 /* AFHTTPSessionManager.m in Sources */ = {isa = PBXBuildFile; fileRef = OBJ_42 /* AFHTTPSessionManager.m */; };
		OBJ_71 /* AFNetworkReachabilityManager.m in Sources */ = {isa = PBXBuildFile; fileRef = OBJ_43 /* AFNetworkReachabilityManager.m */; };
		OBJ_72 /* AFSecurityPolicy.m in Sources */ = {isa = PBXBuildFile; fileRef = OBJ_44 /* AFSecurityPolicy.m */; };
		OBJ_73 /* AFURLRequestSerialization.m in Sources */ = {isa = PBXBuildFile; fileRef = OBJ_45 /* AFURLRequestSerialization.m */; };
		OBJ_74 /* AFURLResponseSerialization.m in Sources */ = {isa = PBXBuildFile; fileRef = OBJ_46 /* AFURLResponseSerialization.m */; };
		OBJ_75 /* AFURLSessionManager.m in Sources */ = {isa = PBXBuildFile; fileRef = OBJ_47 /* AFURLSessionManager.m */; };
		OBJ_77 /* AFHTTPSessionManager.m in Headers */ = {isa = PBXBuildFile; fileRef = OBJ_42 /* AFHTTPSessionManager.m */; settings = {ATTRIBUTES = (Public, ); }; };
		OBJ_78 /* AFNetworkReachabilityManager.m in Headers */ = {isa = PBXBuildFile; fileRef = OBJ_43 /* AFNetworkReachabilityManager.m */; settings = {ATTRIBUTES = (Public, ); }; };
		OBJ_79 /* AFSecurityPolicy.m in Headers */ = {isa = PBXBuildFile; fileRef = OBJ_44 /* AFSecurityPolicy.m */; settings = {ATTRIBUTES = (Public, ); }; };
		OBJ_80 /* AFURLRequestSerialization.m in Headers */ = {isa = PBXBuildFile; fileRef = OBJ_45 /* AFURLRequestSerialization.m */; settings = {ATTRIBUTES = (Public, ); }; };
		OBJ_81 /* AFURLResponseSerialization.m in Headers */ = {isa = PBXBuildFile; fileRef = OBJ_46 /* AFURLResponseSerialization.m */; settings = {ATTRIBUTES = (Public, ); }; };
		OBJ_82 /* AFURLSessionManager.m in Headers */ = {isa = PBXBuildFile; fileRef = OBJ_47 /* AFURLSessionManager.m */; settings = {ATTRIBUTES = (Public, ); }; };
		OBJ_83 /* AFSecurityPolicy.h in Headers */ = {isa = PBXBuildFile; fileRef = OBJ_48 /* AFSecurityPolicy.h */; settings = {ATTRIBUTES = (Public, ); }; };
		OBJ_84 /* AFNetworkReachabilityManager.h in Headers */ = {isa = PBXBuildFile; fileRef = OBJ_49 /* AFNetworkReachabilityManager.h */; settings = {ATTRIBUTES = (Public, ); }; };
		OBJ_85 /* AFURLSessionManager.h in Headers */ = {isa = PBXBuildFile; fileRef = OBJ_50 /* AFURLSessionManager.h */; settings = {ATTRIBUTES = (Public, ); }; };
		OBJ_86 /* AFURLRequestSerialization.h in Headers */ = {isa = PBXBuildFile; fileRef = OBJ_51 /* AFURLRequestSerialization.h */; settings = {ATTRIBUTES = (Public, ); }; };
		OBJ_87 /* AFURLResponseSerialization.h in Headers */ = {isa = PBXBuildFile; fileRef = OBJ_52 /* AFURLResponseSerialization.h */; settings = {ATTRIBUTES = (Public, ); }; };
		OBJ_88 /* AFNetworking.h in Headers */ = {isa = PBXBuildFile; fileRef = OBJ_53 /* AFNetworking.h */; settings = {ATTRIBUTES = (Public, ); }; };
		OBJ_89 /* AFCompatibilityMacros.h in Headers */ = {isa = PBXBuildFile; fileRef = OBJ_54 /* AFCompatibilityMacros.h */; settings = {ATTRIBUTES = (Public, ); }; };
		OBJ_90 /* AFHTTPSessionManager.h in Headers */ = {isa = PBXBuildFile; fileRef = OBJ_55 /* AFHTTPSessionManager.h */; settings = {ATTRIBUTES = (Public, ); }; };
		OBJ_97 /* Package.swift in Sources */ = {isa = PBXBuildFile; fileRef = OBJ_56 /* Package.swift */; };
/* End PBXBuildFile section */

/* Begin PBXContainerItemProxy section */
		C9F9B135245CAC3700B0670C /* PBXContainerItemProxy */ = {
			isa = PBXContainerItemProxy;
			containerPortal = OBJ_1 /* Project object */;
			proxyType = 1;
			remoteGlobalIDString = "SAMKeychain::SAMKeychain";
			remoteInfo = SAMKeychain;
		};
		C9F9B136245CAC3700B0670C /* PBXContainerItemProxy */ = {
			isa = PBXContainerItemProxy;
			containerPortal = OBJ_1 /* Project object */;
			proxyType = 1;
			remoteGlobalIDString = "AFNetworking::AFNetworking";
			remoteInfo = AFNetworking;
		};
/* End PBXContainerItemProxy section */

/* Begin PBXFileReference section */
		"AFNetworking::AFNetworking::Product" /* AFNetworking.framework */ = {isa = PBXFileReference; lastKnownFileType = wrapper.framework; path = AFNetworking.framework; sourceTree = BUILT_PRODUCTS_DIR; };
		OBJ_10 /* CHANGELOG */ = {isa = PBXFileReference; lastKnownFileType = text; path = CHANGELOG; sourceTree = "<group>"; };
		OBJ_11 /* Cartfile */ = {isa = PBXFileReference; lastKnownFileType = text; path = Cartfile; sourceTree = "<group>"; };
		OBJ_12 /* README.md */ = {isa = PBXFileReference; lastKnownFileType = net.daringfireball.markdown; path = README.md; sourceTree = "<group>"; };
		OBJ_13 /* PinterestSDK.podspec */ = {isa = PBXFileReference; lastKnownFileType = text; path = PinterestSDK.podspec; sourceTree = "<group>"; };
		OBJ_14 /* Cartfile.resolved */ = {isa = PBXFileReference; lastKnownFileType = text; path = Cartfile.resolved; sourceTree = "<group>"; };
		OBJ_15 /* LICENSE */ = {isa = PBXFileReference; lastKnownFileType = text; path = LICENSE; sourceTree = "<group>"; };
		OBJ_16 /* CHANGELOG */ = {isa = PBXFileReference; lastKnownFileType = text; path = CHANGELOG; sourceTree = "<group>"; };
		OBJ_17 /* Cartfile */ = {isa = PBXFileReference; lastKnownFileType = text; path = Cartfile; sourceTree = "<group>"; };
		OBJ_18 /* README.md */ = {isa = PBXFileReference; lastKnownFileType = net.daringfireball.markdown; path = README.md; sourceTree = "<group>"; };
		OBJ_19 /* PinterestSDK.podspec */ = {isa = PBXFileReference; lastKnownFileType = text; path = PinterestSDK.podspec; sourceTree = "<group>"; };
		OBJ_22 /* PDKBoard.m */ = {isa = PBXFileReference; lastKnownFileType = sourcecode.c.objc; path = PDKBoard.m; sourceTree = "<group>"; };
		OBJ_23 /* PDKCategories.m */ = {isa = PBXFileReference; lastKnownFileType = sourcecode.c.objc; path = PDKCategories.m; sourceTree = "<group>"; };
		OBJ_24 /* PDKClient.m */ = {isa = PBXFileReference; lastKnownFileType = sourcecode.c.objc; path = PDKClient.m; sourceTree = "<group>"; };
		OBJ_25 /* PDKImageInfo.m */ = {isa = PBXFileReference; lastKnownFileType = sourcecode.c.objc; path = PDKImageInfo.m; sourceTree = "<group>"; };
		OBJ_26 /* PDKInterest.m */ = {isa = PBXFileReference; lastKnownFileType = sourcecode.c.objc; path = PDKInterest.m; sourceTree = "<group>"; };
		OBJ_27 /* PDKModelObject.m */ = {isa = PBXFileReference; lastKnownFileType = sourcecode.c.objc; path = PDKModelObject.m; sourceTree = "<group>"; };
		OBJ_28 /* PDKPin.m */ = {isa = PBXFileReference; lastKnownFileType = sourcecode.c.objc; path = PDKPin.m; sourceTree = "<group>"; };
		OBJ_29 /* PDKResponseObject.m */ = {isa = PBXFileReference; lastKnownFileType = sourcecode.c.objc; path = PDKResponseObject.m; sourceTree = "<group>"; };
		OBJ_30 /* PDKUser.m */ = {isa = PBXFileReference; lastKnownFileType = sourcecode.c.objc; path = PDKUser.m; sourceTree = "<group>"; };
		OBJ_34 /* Package.swift */ = {isa = PBXFileReference; explicitFileType = sourcecode.swift; name = Package.swift; path = "/Users/ecoleman/Projects/XO/ios-pdk/.build/checkouts/SAMKeychain/Package.swift"; sourceTree = "<group>"; };
		OBJ_35 /* SAMKeychain.m */ = {isa = PBXFileReference; lastKnownFileType = sourcecode.c.objc; path = SAMKeychain.m; sourceTree = "<group>"; };
		OBJ_36 /* SAMKeychainQuery.m */ = {isa = PBXFileReference; lastKnownFileType = sourcecode.c.objc; path = SAMKeychainQuery.m; sourceTree = "<group>"; };
		OBJ_38 /* SAMKeychain.h */ = {isa = PBXFileReference; lastKnownFileType = sourcecode.c.h; path = SAMKeychain.h; sourceTree = "<group>"; };
		OBJ_39 /* SAMKeychainQuery.h */ = {isa = PBXFileReference; lastKnownFileType = sourcecode.c.h; path = SAMKeychainQuery.h; sourceTree = "<group>"; };
		OBJ_42 /* AFHTTPSessionManager.m */ = {isa = PBXFileReference; lastKnownFileType = sourcecode.c.objc; path = AFHTTPSessionManager.m; sourceTree = "<group>"; };
		OBJ_43 /* AFNetworkReachabilityManager.m */ = {isa = PBXFileReference; lastKnownFileType = sourcecode.c.objc; path = AFNetworkReachabilityManager.m; sourceTree = "<group>"; };
		OBJ_44 /* AFSecurityPolicy.m */ = {isa = PBXFileReference; lastKnownFileType = sourcecode.c.objc; path = AFSecurityPolicy.m; sourceTree = "<group>"; };
		OBJ_45 /* AFURLRequestSerialization.m */ = {isa = PBXFileReference; lastKnownFileType = sourcecode.c.objc; path = AFURLRequestSerialization.m; sourceTree = "<group>"; };
		OBJ_46 /* AFURLResponseSerialization.m */ = {isa = PBXFileReference; lastKnownFileType = sourcecode.c.objc; path = AFURLResponseSerialization.m; sourceTree = "<group>"; };
		OBJ_47 /* AFURLSessionManager.m */ = {isa = PBXFileReference; lastKnownFileType = sourcecode.c.objc; path = AFURLSessionManager.m; sourceTree = "<group>"; };
		OBJ_48 /* AFSecurityPolicy.h */ = {isa = PBXFileReference; lastKnownFileType = sourcecode.c.h; path = AFSecurityPolicy.h; sourceTree = "<group>"; };
		OBJ_49 /* AFNetworkReachabilityManager.h */ = {isa = PBXFileReference; lastKnownFileType = sourcecode.c.h; path = AFNetworkReachabilityManager.h; sourceTree = "<group>"; };
		OBJ_50 /* AFURLSessionManager.h */ = {isa = PBXFileReference; lastKnownFileType = sourcecode.c.h; path = AFURLSessionManager.h; sourceTree = "<group>"; };
		OBJ_51 /* AFURLRequestSerialization.h */ = {isa = PBXFileReference; lastKnownFileType = sourcecode.c.h; path = AFURLRequestSerialization.h; sourceTree = "<group>"; };
		OBJ_52 /* AFURLResponseSerialization.h */ = {isa = PBXFileReference; lastKnownFileType = sourcecode.c.h; path = AFURLResponseSerialization.h; sourceTree = "<group>"; };
		OBJ_53 /* AFNetworking.h */ = {isa = PBXFileReference; lastKnownFileType = sourcecode.c.h; path = AFNetworking.h; sourceTree = "<group>"; };
		OBJ_54 /* AFCompatibilityMacros.h */ = {isa = PBXFileReference; lastKnownFileType = sourcecode.c.h; path = AFCompatibilityMacros.h; sourceTree = "<group>"; };
		OBJ_55 /* AFHTTPSessionManager.h */ = {isa = PBXFileReference; lastKnownFileType = sourcecode.c.h; path = AFHTTPSessionManager.h; sourceTree = "<group>"; };
		OBJ_56 /* Package.swift */ = {isa = PBXFileReference; explicitFileType = sourcecode.swift; name = Package.swift; path = "/Users/ecoleman/Projects/XO/ios-pdk/.build/checkouts/AFNetworking/Package.swift"; sourceTree = "<group>"; };
		OBJ_6 /* Package.swift */ = {isa = PBXFileReference; explicitFileType = sourcecode.swift; path = Package.swift; sourceTree = "<group>"; };
		OBJ_61 /* Pod */ = {isa = PBXFileReference; lastKnownFileType = folder; path = Pod; sourceTree = SOURCE_ROOT; };
		OBJ_62 /* Example */ = {isa = PBXFileReference; lastKnownFileType = folder; path = Example; sourceTree = SOURCE_ROOT; };
		OBJ_63 /* Carthage */ = {isa = PBXFileReference; lastKnownFileType = folder; path = Carthage; sourceTree = SOURCE_ROOT; };
		OBJ_64 /* PinterestSDK */ = {isa = PBXFileReference; lastKnownFileType = folder; path = PinterestSDK; sourceTree = SOURCE_ROOT; };
		OBJ_8 /* Cartfile.resolved */ = {isa = PBXFileReference; lastKnownFileType = text; path = Cartfile.resolved; sourceTree = "<group>"; };
		OBJ_9 /* LICENSE */ = {isa = PBXFileReference; lastKnownFileType = text; path = LICENSE; sourceTree = "<group>"; };
		"PinterestSDK::PinterestSDK::Product" /* PinterestSDK.framework */ = {isa = PBXFileReference; explicitFileType = wrapper.framework; path = PinterestSDK.framework; sourceTree = BUILT_PRODUCTS_DIR; };
		"SAMKeychain::SAMKeychain::Product" /* SAMKeychain.framework */ = {isa = PBXFileReference; lastKnownFileType = wrapper.framework; path = SAMKeychain.framework; sourceTree = BUILT_PRODUCTS_DIR; };
/* End PBXFileReference section */

/* Begin PBXFrameworksBuildPhase section */
		OBJ_112 /* Frameworks */ = {
			isa = PBXFrameworksBuildPhase;
			buildActionMask = 0;
			files = (
				OBJ_113 /* SAMKeychain.framework in Frameworks */,
				OBJ_114 /* AFNetworking.framework in Frameworks */,
			);
			runOnlyForDeploymentPostprocessing = 0;
		};
		OBJ_133 /* Frameworks */ = {
			isa = PBXFrameworksBuildPhase;
			buildActionMask = 0;
			files = (
			);
			runOnlyForDeploymentPostprocessing = 0;
		};
		OBJ_91 /* Frameworks */ = {
			isa = PBXFrameworksBuildPhase;
			buildActionMask = 0;
			files = (
			);
			runOnlyForDeploymentPostprocessing = 0;
		};
/* End PBXFrameworksBuildPhase section */

/* Begin PBXGroup section */
		OBJ_20 /* Pod */ = {
			isa = PBXGroup;
			children = (
				OBJ_21 /* Classes */,
			);
			path = Pod;
			sourceTree = "<group>";
		};
		OBJ_21 /* Classes */ = {
			isa = PBXGroup;
			children = (
				OBJ_22 /* PDKBoard.m */,
				OBJ_23 /* PDKCategories.m */,
				OBJ_24 /* PDKClient.m */,
				OBJ_25 /* PDKImageInfo.m */,
				OBJ_26 /* PDKInterest.m */,
				OBJ_27 /* PDKModelObject.m */,
				OBJ_28 /* PDKPin.m */,
				OBJ_29 /* PDKResponseObject.m */,
				OBJ_30 /* PDKUser.m */,
			);
			path = Classes;
			sourceTree = "<group>";
		};
		OBJ_31 /* Tests */ = {
			isa = PBXGroup;
			children = (
			);
			name = Tests;
			sourceTree = SOURCE_ROOT;
		};
		OBJ_32 /* Dependencies */ = {
			isa = PBXGroup;
			children = (
				OBJ_33 /* SAMKeychain */,
				OBJ_40 /* AFNetworking 4.0.1 */,
			);
			name = Dependencies;
			sourceTree = "<group>";
		};
		OBJ_33 /* SAMKeychain */ = {
			isa = PBXGroup;
			children = (
				OBJ_34 /* Package.swift */,
				OBJ_35 /* SAMKeychain.m */,
				OBJ_36 /* SAMKeychainQuery.m */,
				OBJ_37 /* include */,
			);
			name = SAMKeychain;
			path = .build/checkouts/SAMKeychain/Sources;
			sourceTree = SOURCE_ROOT;
		};
		OBJ_37 /* include */ = {
			isa = PBXGroup;
			children = (
				OBJ_38 /* SAMKeychain.h */,
				OBJ_39 /* SAMKeychainQuery.h */,
			);
			path = include;
			sourceTree = "<group>";
		};
		OBJ_40 /* AFNetworking 4.0.1 */ = {
			isa = PBXGroup;
			children = (
				OBJ_41 /* AFNetworking */,
				OBJ_56 /* Package.swift */,
			);
			name = "AFNetworking 4.0.1";
			sourceTree = SOURCE_ROOT;
		};
		OBJ_41 /* AFNetworking */ = {
			isa = PBXGroup;
			children = (
				OBJ_42 /* AFHTTPSessionManager.m */,
				OBJ_43 /* AFNetworkReachabilityManager.m */,
				OBJ_44 /* AFSecurityPolicy.m */,
				OBJ_45 /* AFURLRequestSerialization.m */,
				OBJ_46 /* AFURLResponseSerialization.m */,
				OBJ_47 /* AFURLSessionManager.m */,
				OBJ_48 /* AFSecurityPolicy.h */,
				OBJ_49 /* AFNetworkReachabilityManager.h */,
				OBJ_50 /* AFURLSessionManager.h */,
				OBJ_51 /* AFURLRequestSerialization.h */,
				OBJ_52 /* AFURLResponseSerialization.h */,
				OBJ_53 /* AFNetworking.h */,
				OBJ_54 /* AFCompatibilityMacros.h */,
				OBJ_55 /* AFHTTPSessionManager.h */,
			);
			name = AFNetworking;
			path = .build/checkouts/AFNetworking/AFNetworking;
			sourceTree = SOURCE_ROOT;
		};
		OBJ_5 /*  */ = {
			isa = PBXGroup;
			children = (
				OBJ_6 /* Package.swift */,
				OBJ_7 /* Sources */,
				OBJ_31 /* Tests */,
				OBJ_32 /* Dependencies */,
				OBJ_57 /* Products */,
				OBJ_61 /* Pod */,
				OBJ_62 /* Example */,
				OBJ_63 /* Carthage */,
				OBJ_64 /* PinterestSDK */,
			);
			name = "";
			sourceTree = "<group>";
		};
		OBJ_57 /* Products */ = {
			isa = PBXGroup;
			children = (
				"AFNetworking::AFNetworking::Product" /* AFNetworking.framework */,
				"PinterestSDK::PinterestSDK::Product" /* PinterestSDK.framework */,
				"SAMKeychain::SAMKeychain::Product" /* SAMKeychain.framework */,
			);
			name = Products;
			sourceTree = BUILT_PRODUCTS_DIR;
		};
		OBJ_7 /* Sources */ = {
			isa = PBXGroup;
			children = (
				OBJ_8 /* Cartfile.resolved */,
				OBJ_9 /* LICENSE */,
				OBJ_10 /* CHANGELOG */,
				OBJ_11 /* Cartfile */,
				OBJ_12 /* README.md */,
				OBJ_13 /* PinterestSDK.podspec */,
				OBJ_14 /* Cartfile.resolved */,
				OBJ_15 /* LICENSE */,
				OBJ_16 /* CHANGELOG */,
				OBJ_17 /* Cartfile */,
				OBJ_18 /* README.md */,
				OBJ_19 /* PinterestSDK.podspec */,
				OBJ_20 /* Pod */,
			);
			name = Sources;
			sourceTree = SOURCE_ROOT;
		};
/* End PBXGroup section */

/* Begin PBXHeadersBuildPhase section */
		OBJ_130 /* Headers */ = {
			isa = PBXHeadersBuildPhase;
			buildActionMask = 0;
			files = (
				OBJ_131 /* SAMKeychain.h in Headers */,
				OBJ_132 /* SAMKeychainQuery.h in Headers */,
			);
			runOnlyForDeploymentPostprocessing = 0;
		};
		OBJ_76 /* Headers */ = {
			isa = PBXHeadersBuildPhase;
			buildActionMask = 0;
			files = (
				OBJ_77 /* AFHTTPSessionManager.m in Headers */,
				OBJ_78 /* AFNetworkReachabilityManager.m in Headers */,
				OBJ_79 /* AFSecurityPolicy.m in Headers */,
				OBJ_80 /* AFURLRequestSerialization.m in Headers */,
				OBJ_81 /* AFURLResponseSerialization.m in Headers */,
				OBJ_82 /* AFURLSessionManager.m in Headers */,
				OBJ_83 /* AFSecurityPolicy.h in Headers */,
				OBJ_84 /* AFNetworkReachabilityManager.h in Headers */,
				OBJ_85 /* AFURLSessionManager.h in Headers */,
				OBJ_86 /* AFURLRequestSerialization.h in Headers */,
				OBJ_87 /* AFURLResponseSerialization.h in Headers */,
				OBJ_88 /* AFNetworking.h in Headers */,
				OBJ_89 /* AFCompatibilityMacros.h in Headers */,
				OBJ_90 /* AFHTTPSessionManager.h in Headers */,
			);
			runOnlyForDeploymentPostprocessing = 0;
		};
/* End PBXHeadersBuildPhase section */

/* Begin PBXNativeTarget section */
		"AFNetworking::AFNetworking" /* AFNetworking */ = {
			isa = PBXNativeTarget;
			buildConfigurationList = OBJ_66 /* Build configuration list for PBXNativeTarget "AFNetworking" */;
			buildPhases = (
				OBJ_69 /* Sources */,
				OBJ_76 /* Headers */,
				OBJ_91 /* Frameworks */,
			);
			buildRules = (
			);
			dependencies = (
			);
			name = AFNetworking;
			productName = AFNetworking;
			productReference = "AFNetworking::AFNetworking::Product" /* AFNetworking.framework */;
			productType = "com.apple.product-type.framework";
		};
		"AFNetworking::SwiftPMPackageDescription" /* AFNetworkingPackageDescription */ = {
			isa = PBXNativeTarget;
			buildConfigurationList = OBJ_93 /* Build configuration list for PBXNativeTarget "AFNetworkingPackageDescription" */;
			buildPhases = (
				OBJ_96 /* Sources */,
			);
			buildRules = (
			);
			dependencies = (
			);
			name = AFNetworkingPackageDescription;
			productName = AFNetworkingPackageDescription;
			productType = "com.apple.product-type.framework";
		};
		"PinterestSDK::PinterestSDK" /* PinterestSDK */ = {
			isa = PBXNativeTarget;
			buildConfigurationList = OBJ_99 /* Build configuration list for PBXNativeTarget "PinterestSDK" */;
			buildPhases = (
				OBJ_102 /* Sources */,
				OBJ_112 /* Frameworks */,
			);
			buildRules = (
			);
			dependencies = (
				OBJ_115 /* PBXTargetDependency */,
				OBJ_117 /* PBXTargetDependency */,
			);
			name = PinterestSDK;
			productName = PinterestSDK;
			productReference = "PinterestSDK::PinterestSDK::Product" /* PinterestSDK.framework */;
			productType = "com.apple.product-type.framework";
		};
		"PinterestSDK::SwiftPMPackageDescription" /* PinterestSDKPackageDescription */ = {
			isa = PBXNativeTarget;
			buildConfigurationList = OBJ_119 /* Build configuration list for PBXNativeTarget "PinterestSDKPackageDescription" */;
			buildPhases = (
				OBJ_122 /* Sources */,
			);
			buildRules = (
			);
			dependencies = (
			);
			name = PinterestSDKPackageDescription;
			productName = PinterestSDKPackageDescription;
			productType = "com.apple.product-type.framework";
		};
		"SAMKeychain::SAMKeychain" /* SAMKeychain */ = {
			isa = PBXNativeTarget;
			buildConfigurationList = OBJ_124 /* Build configuration list for PBXNativeTarget "SAMKeychain" */;
			buildPhases = (
				OBJ_127 /* Sources */,
				OBJ_130 /* Headers */,
				OBJ_133 /* Frameworks */,
			);
			buildRules = (
			);
			dependencies = (
			);
			name = SAMKeychain;
			productName = SAMKeychain;
			productReference = "SAMKeychain::SAMKeychain::Product" /* SAMKeychain.framework */;
			productType = "com.apple.product-type.framework";
		};
		"SAMKeychain::SwiftPMPackageDescription" /* SAMKeychainPackageDescription */ = {
			isa = PBXNativeTarget;
			buildConfigurationList = OBJ_135 /* Build configuration list for PBXNativeTarget "SAMKeychainPackageDescription" */;
			buildPhases = (
				OBJ_138 /* Sources */,
			);
			buildRules = (
			);
			dependencies = (
			);
			name = SAMKeychainPackageDescription;
			productName = SAMKeychainPackageDescription;
			productType = "com.apple.product-type.framework";
		};
/* End PBXNativeTarget section */

/* Begin PBXProject section */
		OBJ_1 /* Project object */ = {
			isa = PBXProject;
			attributes = {
				LastSwiftMigration = 9999;
				LastUpgradeCheck = 9999;
			};
			buildConfigurationList = OBJ_2 /* Build configuration list for PBXProject "PinterestSDK" */;
			compatibilityVersion = "Xcode 3.2";
			developmentRegion = en;
			hasScannedForEncodings = 0;
			knownRegions = (
				en,
			);
			mainGroup = OBJ_5 /*  */;
			productRefGroup = OBJ_57 /* Products */;
			projectDirPath = "";
			projectRoot = "";
			targets = (
				"AFNetworking::AFNetworking" /* AFNetworking */,
				"AFNetworking::SwiftPMPackageDescription" /* AFNetworkingPackageDescription */,
				"PinterestSDK::PinterestSDK" /* PinterestSDK */,
				"PinterestSDK::SwiftPMPackageDescription" /* PinterestSDKPackageDescription */,
				"SAMKeychain::SAMKeychain" /* SAMKeychain */,
				"SAMKeychain::SwiftPMPackageDescription" /* SAMKeychainPackageDescription */,
			);
		};
/* End PBXProject section */

/* Begin PBXSourcesBuildPhase section */
		OBJ_102 /* Sources */ = {
			isa = PBXSourcesBuildPhase;
			buildActionMask = 0;
			files = (
				OBJ_103 /* PDKBoard.m in Sources */,
				OBJ_104 /* PDKCategories.m in Sources */,
				OBJ_105 /* PDKClient.m in Sources */,
				OBJ_106 /* PDKImageInfo.m in Sources */,
				OBJ_107 /* PDKInterest.m in Sources */,
				OBJ_108 /* PDKModelObject.m in Sources */,
				OBJ_109 /* PDKPin.m in Sources */,
				OBJ_110 /* PDKResponseObject.m in Sources */,
				OBJ_111 /* PDKUser.m in Sources */,
			);
			runOnlyForDeploymentPostprocessing = 0;
		};
		OBJ_122 /* Sources */ = {
			isa = PBXSourcesBuildPhase;
			buildActionMask = 0;
			files = (
				OBJ_123 /* Package.swift in Sources */,
			);
			runOnlyForDeploymentPostprocessing = 0;
		};
		OBJ_127 /* Sources */ = {
			isa = PBXSourcesBuildPhase;
			buildActionMask = 0;
			files = (
				OBJ_128 /* SAMKeychain.m in Sources */,
				OBJ_129 /* SAMKeychainQuery.m in Sources */,
			);
			runOnlyForDeploymentPostprocessing = 0;
		};
		OBJ_138 /* Sources */ = {
			isa = PBXSourcesBuildPhase;
			buildActionMask = 0;
			files = (
				OBJ_139 /* Package.swift in Sources */,
			);
			runOnlyForDeploymentPostprocessing = 0;
		};
		OBJ_69 /* Sources */ = {
			isa = PBXSourcesBuildPhase;
			buildActionMask = 0;
			files = (
				OBJ_70 /* AFHTTPSessionManager.m in Sources */,
				OBJ_71 /* AFNetworkReachabilityManager.m in Sources */,
				OBJ_72 /* AFSecurityPolicy.m in Sources */,
				OBJ_73 /* AFURLRequestSerialization.m in Sources */,
				OBJ_74 /* AFURLResponseSerialization.m in Sources */,
				OBJ_75 /* AFURLSessionManager.m in Sources */,
			);
			runOnlyForDeploymentPostprocessing = 0;
		};
		OBJ_96 /* Sources */ = {
			isa = PBXSourcesBuildPhase;
			buildActionMask = 0;
			files = (
				OBJ_97 /* Package.swift in Sources */,
			);
			runOnlyForDeploymentPostprocessing = 0;
		};
/* End PBXSourcesBuildPhase section */

/* Begin PBXTargetDependency section */
		OBJ_115 /* PBXTargetDependency */ = {
			isa = PBXTargetDependency;
			target = "SAMKeychain::SAMKeychain" /* SAMKeychain */;
			targetProxy = C9F9B135245CAC3700B0670C /* PBXContainerItemProxy */;
		};
		OBJ_117 /* PBXTargetDependency */ = {
			isa = PBXTargetDependency;
			target = "AFNetworking::AFNetworking" /* AFNetworking */;
			targetProxy = C9F9B136245CAC3700B0670C /* PBXContainerItemProxy */;
		};
/* End PBXTargetDependency section */

/* Begin XCBuildConfiguration section */
		OBJ_100 /* Debug */ = {
			isa = XCBuildConfiguration;
			buildSettings = {
				CLANG_ENABLE_MODULES = YES;
				ENABLE_TESTABILITY = YES;
				FRAMEWORK_SEARCH_PATHS = (
					"$(inherited)",
					"$(PLATFORM_DIR)/Developer/Library/Frameworks",
				);
				HEADER_SEARCH_PATHS = (
					"$(inherited)",
					"$(SRCROOT)/include",
					"$(SRCROOT)/.build/checkouts/SAMKeychain/Sources/include",
					"$(SRCROOT)/.build/checkouts/AFNetworking/AFNetworking",
				);
				INFOPLIST_FILE = PinterestSDK.xcodeproj/PinterestSDK_Info.plist;
				IPHONEOS_DEPLOYMENT_TARGET = 8.0;
				LD_RUNPATH_SEARCH_PATHS = "$(inherited) $(TOOLCHAIN_DIR)/usr/lib/swift/macosx";
				MACOSX_DEPLOYMENT_TARGET = 10.10;
				OTHER_CFLAGS = "$(inherited)";
				OTHER_LDFLAGS = "$(inherited)";
				OTHER_SWIFT_FLAGS = "$(inherited)";
				PRODUCT_BUNDLE_IDENTIFIER = PinterestSDK;
				PRODUCT_MODULE_NAME = "$(TARGET_NAME:c99extidentifier)";
				PRODUCT_NAME = "$(TARGET_NAME:c99extidentifier)";
				SKIP_INSTALL = YES;
				SWIFT_ACTIVE_COMPILATION_CONDITIONS = "$(inherited)";
				TARGET_NAME = PinterestSDK;
				TVOS_DEPLOYMENT_TARGET = 9.0;
				WATCHOS_DEPLOYMENT_TARGET = 2.0;
			};
			name = Debug;
		};
		OBJ_101 /* Release */ = {
			isa = XCBuildConfiguration;
			buildSettings = {
				CLANG_ENABLE_MODULES = YES;
				ENABLE_TESTABILITY = YES;
				FRAMEWORK_SEARCH_PATHS = (
					"$(inherited)",
					"$(PLATFORM_DIR)/Developer/Library/Frameworks",
				);
				HEADER_SEARCH_PATHS = (
					"$(inherited)",
					"$(SRCROOT)/include",
					"$(SRCROOT)/.build/checkouts/SAMKeychain/Sources/include",
					"$(SRCROOT)/.build/checkouts/AFNetworking/AFNetworking",
				);
				INFOPLIST_FILE = PinterestSDK.xcodeproj/PinterestSDK_Info.plist;
				IPHONEOS_DEPLOYMENT_TARGET = 8.0;
				LD_RUNPATH_SEARCH_PATHS = "$(inherited) $(TOOLCHAIN_DIR)/usr/lib/swift/macosx";
				MACOSX_DEPLOYMENT_TARGET = 10.10;
				OTHER_CFLAGS = "$(inherited)";
				OTHER_LDFLAGS = "$(inherited)";
				OTHER_SWIFT_FLAGS = "$(inherited)";
				PRODUCT_BUNDLE_IDENTIFIER = PinterestSDK;
				PRODUCT_MODULE_NAME = "$(TARGET_NAME:c99extidentifier)";
				PRODUCT_NAME = "$(TARGET_NAME:c99extidentifier)";
				SKIP_INSTALL = YES;
				SWIFT_ACTIVE_COMPILATION_CONDITIONS = "$(inherited)";
				TARGET_NAME = PinterestSDK;
				TVOS_DEPLOYMENT_TARGET = 9.0;
				WATCHOS_DEPLOYMENT_TARGET = 2.0;
			};
			name = Release;
		};
		OBJ_120 /* Debug */ = {
			isa = XCBuildConfiguration;
			buildSettings = {
				LD = /usr/bin/true;
				OTHER_SWIFT_FLAGS = "-swift-version 5 -I $(TOOLCHAIN_DIR)/usr/lib/swift/pm/4_2 -target x86_64-apple-macosx10.10 -sdk /Applications/Xcode.app/Contents/Developer/Platforms/MacOSX.platform/Developer/SDKs/MacOSX10.15.sdk -package-description-version 5.1.0";
				SWIFT_VERSION = 5.0;
			};
			name = Debug;
		};
		OBJ_121 /* Release */ = {
			isa = XCBuildConfiguration;
			buildSettings = {
				LD = /usr/bin/true;
				OTHER_SWIFT_FLAGS = "-swift-version 5 -I $(TOOLCHAIN_DIR)/usr/lib/swift/pm/4_2 -target x86_64-apple-macosx10.10 -sdk /Applications/Xcode.app/Contents/Developer/Platforms/MacOSX.platform/Developer/SDKs/MacOSX10.15.sdk -package-description-version 5.1.0";
				SWIFT_VERSION = 5.0;
			};
			name = Release;
		};
		OBJ_125 /* Debug */ = {
			isa = XCBuildConfiguration;
			buildSettings = {
				CLANG_ENABLE_MODULES = YES;
				DEFINES_MODULE = YES;
				ENABLE_TESTABILITY = YES;
				FRAMEWORK_SEARCH_PATHS = (
					"$(inherited)",
					"$(PLATFORM_DIR)/Developer/Library/Frameworks",
				);
				HEADER_SEARCH_PATHS = (
					"$(inherited)",
					"$(SRCROOT)/.build/checkouts/SAMKeychain/Sources/include",
				);
				INFOPLIST_FILE = PinterestSDK.xcodeproj/SAMKeychain_Info.plist;
				IPHONEOS_DEPLOYMENT_TARGET = 8.0;
				LD_RUNPATH_SEARCH_PATHS = "$(inherited) $(TOOLCHAIN_DIR)/usr/lib/swift/macosx";
				MACOSX_DEPLOYMENT_TARGET = 10.10;
				OTHER_CFLAGS = "$(inherited)";
				OTHER_LDFLAGS = "$(inherited)";
				OTHER_SWIFT_FLAGS = "$(inherited)";
				PRODUCT_BUNDLE_IDENTIFIER = SAMKeychain;
				PRODUCT_MODULE_NAME = "$(TARGET_NAME:c99extidentifier)";
				PRODUCT_NAME = "$(TARGET_NAME:c99extidentifier)";
				SKIP_INSTALL = YES;
				SWIFT_ACTIVE_COMPILATION_CONDITIONS = "$(inherited)";
				TARGET_NAME = SAMKeychain;
				TVOS_DEPLOYMENT_TARGET = 9.0;
				WATCHOS_DEPLOYMENT_TARGET = 2.0;
			};
			name = Debug;
		};
		OBJ_126 /* Release */ = {
			isa = XCBuildConfiguration;
			buildSettings = {
				CLANG_ENABLE_MODULES = YES;
				DEFINES_MODULE = YES;
				ENABLE_TESTABILITY = YES;
				FRAMEWORK_SEARCH_PATHS = (
					"$(inherited)",
					"$(PLATFORM_DIR)/Developer/Library/Frameworks",
				);
				HEADER_SEARCH_PATHS = (
					"$(inherited)",
					"$(SRCROOT)/.build/checkouts/SAMKeychain/Sources/include",
				);
				INFOPLIST_FILE = PinterestSDK.xcodeproj/SAMKeychain_Info.plist;
				IPHONEOS_DEPLOYMENT_TARGET = 8.0;
				LD_RUNPATH_SEARCH_PATHS = "$(inherited) $(TOOLCHAIN_DIR)/usr/lib/swift/macosx";
				MACOSX_DEPLOYMENT_TARGET = 10.10;
				OTHER_CFLAGS = "$(inherited)";
				OTHER_LDFLAGS = "$(inherited)";
				OTHER_SWIFT_FLAGS = "$(inherited)";
				PRODUCT_BUNDLE_IDENTIFIER = SAMKeychain;
				PRODUCT_MODULE_NAME = "$(TARGET_NAME:c99extidentifier)";
				PRODUCT_NAME = "$(TARGET_NAME:c99extidentifier)";
				SKIP_INSTALL = YES;
				SWIFT_ACTIVE_COMPILATION_CONDITIONS = "$(inherited)";
				TARGET_NAME = SAMKeychain;
				TVOS_DEPLOYMENT_TARGET = 9.0;
				WATCHOS_DEPLOYMENT_TARGET = 2.0;
			};
			name = Release;
		};
		OBJ_136 /* Debug */ = {
			isa = XCBuildConfiguration;
			buildSettings = {
				LD = /usr/bin/true;
				OTHER_SWIFT_FLAGS = "-swift-version 5 -I $(TOOLCHAIN_DIR)/usr/lib/swift/pm/4_2 -target x86_64-apple-macosx10.10 -sdk /Applications/Xcode.app/Contents/Developer/Platforms/MacOSX.platform/Developer/SDKs/MacOSX10.15.sdk -package-description-version 5.1.0";
				SWIFT_VERSION = 5.0;
			};
			name = Debug;
		};
		OBJ_137 /* Release */ = {
			isa = XCBuildConfiguration;
			buildSettings = {
				LD = /usr/bin/true;
				OTHER_SWIFT_FLAGS = "-swift-version 5 -I $(TOOLCHAIN_DIR)/usr/lib/swift/pm/4_2 -target x86_64-apple-macosx10.10 -sdk /Applications/Xcode.app/Contents/Developer/Platforms/MacOSX.platform/Developer/SDKs/MacOSX10.15.sdk -package-description-version 5.1.0";
				SWIFT_VERSION = 5.0;
			};
			name = Release;
		};
		OBJ_3 /* Debug */ = {
			isa = XCBuildConfiguration;
			buildSettings = {
				CLANG_ENABLE_OBJC_ARC = YES;
				COMBINE_HIDPI_IMAGES = YES;
				COPY_PHASE_STRIP = NO;
				DEBUG_INFORMATION_FORMAT = dwarf;
				DYLIB_INSTALL_NAME_BASE = "@rpath";
				ENABLE_NS_ASSERTIONS = YES;
				GCC_OPTIMIZATION_LEVEL = 0;
				GCC_PREPROCESSOR_DEFINITIONS = (
					"$(inherited)",
					"SWIFT_PACKAGE=1",
					"DEBUG=1",
				);
				MACOSX_DEPLOYMENT_TARGET = 10.10;
				ONLY_ACTIVE_ARCH = YES;
				OTHER_SWIFT_FLAGS = "$(inherited) -DXcode";
				PRODUCT_NAME = "$(TARGET_NAME)";
				SDKROOT = macosx;
				SUPPORTED_PLATFORMS = "macosx iphoneos iphonesimulator appletvos appletvsimulator watchos watchsimulator";
				SWIFT_ACTIVE_COMPILATION_CONDITIONS = "$(inherited) SWIFT_PACKAGE DEBUG";
				SWIFT_OPTIMIZATION_LEVEL = "-Onone";
				USE_HEADERMAP = NO;
			};
			name = Debug;
		};
		OBJ_4 /* Release */ = {
			isa = XCBuildConfiguration;
			buildSettings = {
				CLANG_ENABLE_OBJC_ARC = YES;
				COMBINE_HIDPI_IMAGES = YES;
				COPY_PHASE_STRIP = YES;
				DEBUG_INFORMATION_FORMAT = "dwarf-with-dsym";
				DYLIB_INSTALL_NAME_BASE = "@rpath";
				GCC_OPTIMIZATION_LEVEL = s;
				GCC_PREPROCESSOR_DEFINITIONS = (
					"$(inherited)",
					"SWIFT_PACKAGE=1",
				);
				MACOSX_DEPLOYMENT_TARGET = 10.10;
				OTHER_SWIFT_FLAGS = "$(inherited) -DXcode";
				PRODUCT_NAME = "$(TARGET_NAME)";
				SDKROOT = macosx;
				SUPPORTED_PLATFORMS = "macosx iphoneos iphonesimulator appletvos appletvsimulator watchos watchsimulator";
				SWIFT_ACTIVE_COMPILATION_CONDITIONS = "$(inherited) SWIFT_PACKAGE";
				SWIFT_OPTIMIZATION_LEVEL = "-Owholemodule";
				USE_HEADERMAP = NO;
			};
			name = Release;
		};
		OBJ_67 /* Debug */ = {
			isa = XCBuildConfiguration;
			buildSettings = {
				CLANG_ENABLE_MODULES = YES;
				DEFINES_MODULE = YES;
				ENABLE_TESTABILITY = YES;
				FRAMEWORK_SEARCH_PATHS = (
					"$(inherited)",
					"$(PLATFORM_DIR)/Developer/Library/Frameworks",
				);
				HEADER_SEARCH_PATHS = (
					"$(inherited)",
					"$(SRCROOT)/.build/checkouts/AFNetworking/AFNetworking",
				);
				INFOPLIST_FILE = PinterestSDK.xcodeproj/AFNetworking_Info.plist;
				IPHONEOS_DEPLOYMENT_TARGET = 9.0;
				LD_RUNPATH_SEARCH_PATHS = "$(inherited) $(TOOLCHAIN_DIR)/usr/lib/swift/macosx";
				MACOSX_DEPLOYMENT_TARGET = 10.10;
				OTHER_CFLAGS = "$(inherited)";
				OTHER_LDFLAGS = "$(inherited)";
				OTHER_SWIFT_FLAGS = "$(inherited)";
				PRODUCT_BUNDLE_IDENTIFIER = AFNetworking;
				PRODUCT_MODULE_NAME = "$(TARGET_NAME:c99extidentifier)";
				PRODUCT_NAME = "$(TARGET_NAME:c99extidentifier)";
				SKIP_INSTALL = YES;
				SWIFT_ACTIVE_COMPILATION_CONDITIONS = "$(inherited)";
				TARGET_NAME = AFNetworking;
				TVOS_DEPLOYMENT_TARGET = 9.0;
				WATCHOS_DEPLOYMENT_TARGET = 2.0;
			};
			name = Debug;
		};
		OBJ_68 /* Release */ = {
			isa = XCBuildConfiguration;
			buildSettings = {
				CLANG_ENABLE_MODULES = YES;
				DEFINES_MODULE = YES;
				ENABLE_TESTABILITY = YES;
				FRAMEWORK_SEARCH_PATHS = (
					"$(inherited)",
					"$(PLATFORM_DIR)/Developer/Library/Frameworks",
				);
				HEADER_SEARCH_PATHS = (
					"$(inherited)",
					"$(SRCROOT)/.build/checkouts/AFNetworking/AFNetworking",
				);
				INFOPLIST_FILE = PinterestSDK.xcodeproj/AFNetworking_Info.plist;
				IPHONEOS_DEPLOYMENT_TARGET = 9.0;
				LD_RUNPATH_SEARCH_PATHS = "$(inherited) $(TOOLCHAIN_DIR)/usr/lib/swift/macosx";
				MACOSX_DEPLOYMENT_TARGET = 10.10;
				OTHER_CFLAGS = "$(inherited)";
				OTHER_LDFLAGS = "$(inherited)";
				OTHER_SWIFT_FLAGS = "$(inherited)";
				PRODUCT_BUNDLE_IDENTIFIER = AFNetworking;
				PRODUCT_MODULE_NAME = "$(TARGET_NAME:c99extidentifier)";
				PRODUCT_NAME = "$(TARGET_NAME:c99extidentifier)";
				SKIP_INSTALL = YES;
				SWIFT_ACTIVE_COMPILATION_CONDITIONS = "$(inherited)";
				TARGET_NAME = AFNetworking;
				TVOS_DEPLOYMENT_TARGET = 9.0;
				WATCHOS_DEPLOYMENT_TARGET = 2.0;
			};
			name = Release;
		};
		OBJ_94 /* Debug */ = {
			isa = XCBuildConfiguration;
			buildSettings = {
				LD = /usr/bin/true;
				OTHER_SWIFT_FLAGS = "-swift-version 5 -I $(TOOLCHAIN_DIR)/usr/lib/swift/pm/4_2 -target x86_64-apple-macosx10.10 -sdk /Applications/Xcode.app/Contents/Developer/Platforms/MacOSX.platform/Developer/SDKs/MacOSX10.15.sdk -package-description-version 5.0.0";
				SWIFT_VERSION = 5.0;
			};
			name = Debug;
		};
		OBJ_95 /* Release */ = {
			isa = XCBuildConfiguration;
			buildSettings = {
				LD = /usr/bin/true;
				OTHER_SWIFT_FLAGS = "-swift-version 5 -I $(TOOLCHAIN_DIR)/usr/lib/swift/pm/4_2 -target x86_64-apple-macosx10.10 -sdk /Applications/Xcode.app/Contents/Developer/Platforms/MacOSX.platform/Developer/SDKs/MacOSX10.15.sdk -package-description-version 5.0.0";
				SWIFT_VERSION = 5.0;
			};
			name = Release;
		};
/* End XCBuildConfiguration section */

/* Begin XCConfigurationList section */
		OBJ_119 /* Build configuration list for PBXNativeTarget "PinterestSDKPackageDescription" */ = {
			isa = XCConfigurationList;
			buildConfigurations = (
				OBJ_120 /* Debug */,
				OBJ_121 /* Release */,
			);
			defaultConfigurationIsVisible = 0;
			defaultConfigurationName = Release;
		};
		OBJ_124 /* Build configuration list for PBXNativeTarget "SAMKeychain" */ = {
			isa = XCConfigurationList;
			buildConfigurations = (
				OBJ_125 /* Debug */,
				OBJ_126 /* Release */,
			);
			defaultConfigurationIsVisible = 0;
			defaultConfigurationName = Release;
		};
		OBJ_135 /* Build configuration list for PBXNativeTarget "SAMKeychainPackageDescription" */ = {
			isa = XCConfigurationList;
			buildConfigurations = (
				OBJ_136 /* Debug */,
				OBJ_137 /* Release */,
			);
			defaultConfigurationIsVisible = 0;
			defaultConfigurationName = Release;
		};
		OBJ_2 /* Build configuration list for PBXProject "PinterestSDK" */ = {
			isa = XCConfigurationList;
			buildConfigurations = (
				OBJ_3 /* Debug */,
				OBJ_4 /* Release */,
			);
			defaultConfigurationIsVisible = 0;
			defaultConfigurationName = Release;
		};
		OBJ_66 /* Build configuration list for PBXNativeTarget "AFNetworking" */ = {
			isa = XCConfigurationList;
			buildConfigurations = (
				OBJ_67 /* Debug */,
				OBJ_68 /* Release */,
			);
			defaultConfigurationIsVisible = 0;
			defaultConfigurationName = Release;
		};
		OBJ_93 /* Build configuration list for PBXNativeTarget "AFNetworkingPackageDescription" */ = {
			isa = XCConfigurationList;
			buildConfigurations = (
				OBJ_94 /* Debug */,
				OBJ_95 /* Release */,
			);
			defaultConfigurationIsVisible = 0;
			defaultConfigurationName = Release;
		};
		OBJ_99 /* Build configuration list for PBXNativeTarget "PinterestSDK" */ = {
			isa = XCConfigurationList;
			buildConfigurations = (
				OBJ_100 /* Debug */,
				OBJ_101 /* Release */,
			);
			defaultConfigurationIsVisible = 0;
			defaultConfigurationName = Release;
		};
/* End XCConfigurationList section */
	};
	rootObject = OBJ_1 /* Project object */;
}
